
Microsoft Visual Studio Solution File, Format Version 12.00
# Visual Studio Version 17
VisualStudioVersion = 17.9.34622.214
MinimumVisualStudioVersion = 10.0.40219.1
Project("{FAE04EC0-301F-11D3-BF4B-00C04F79EFBC}") = "MiniGameGuessthenumber", "MiniGameGuessthenumber.csproj", "{083A5473-D372-4363-AE37-417D59AFF83B}"
EndProject
Global
	GlobalSection(SolutionConfigurationPlatforms) = preSolution
		Debug|Any CPU = Debug|Any CPU
		Release|Any CPU = Release|Any CPU
	EndGlobalSection
	GlobalSection(ProjectConfigurationPlatforms) = postSolution
		{083A5473-D372-4363-AE37-417D59AFF83B}.Debug|Any CPU.ActiveCfg = Debug|Any CPU
		{083A5473-D372-4363-AE37-417D59AFF83B}.Debug|Any CPU.Build.0 = Debug|Any CPU
		{083A5473-D372-4363-AE37-417D59AFF83B}.Release|Any CPU.ActiveCfg = Release|Any CPU
		{083A5473-D372-4363-AE37-417D59AFF83B}.Release|Any CPU.Build.0 = Release|Any CPU
	EndGlobalSection
	GlobalSection(SolutionProperties) = preSolution
		HideSolutionNode = FALSE
	EndGlobalSection
	GlobalSection(ExtensibilityGlobals) = postSolution
		SolutionGuid = {0A58E3FC-A856-45C8-92F2-185E17ABE506}
	EndGlobalSection
EndGlobal
